
Microsoft Visual Studio Solution File, Format Version 12.00
# Visual Studio Version 16
VisualStudioVersion = 16.0.28803.202
MinimumVisualStudioVersion = 10.0.40219.1
Project("{FAE04EC0-301F-11D3-BF4B-00C04F79EFBC}") = "File Renaming Tool", "File Renaming Tool\File Renaming Tool.csproj", "{12B9852A-376D-4DB2-AC40-48EB14EAFB90}"
EndProject
Global
	GlobalSection(SolutionConfigurationPlatforms) = preSolution
		Debug|Any CPU = Debug|Any CPU
		Release|Any CPU = Release|Any CPU
	EndGlobalSection
	GlobalSection(ProjectConfigurationPlatforms) = postSolution
		{12B9852A-376D-4DB2-AC40-48EB14EAFB90}.Debug|Any CPU.ActiveCfg = Debug|Any CPU
		{12B9852A-376D-4DB2-AC40-48EB14EAFB90}.Debug|Any CPU.Build.0 = Debug|Any CPU
		{12B9852A-376D-4DB2-AC40-48EB14EAFB90}.Release|Any CPU.ActiveCfg = Release|Any CPU
		{12B9852A-376D-4DB2-AC40-48EB14EAFB90}.Release|Any CPU.Build.0 = Release|Any CPU
	EndGlobalSection
	GlobalSection(SolutionProperties) = preSolution
		HideSolutionNode = FALSE
	EndGlobalSection
	GlobalSection(ExtensibilityGlobals) = postSolution
		SolutionGuid = {150FFE6D-4F18-431C-8B5D-8F7833258DCB}
	EndGlobalSection
EndGlobal
